        "prettier": "^3.3.3",
        "typescript": "^5.5.3",
        "typescript-eslint": "^8.46.1"
    "node_modules/@typescript-eslint/eslint-plugin": {
      "version": "8.46.1",
      "resolved": "https://registry.npmjs.org/@typescript-eslint/eslint-plugin/-/eslint-plugin-8.46.1.tgz",
      "integrity": "sha512-rUsLh8PXmBjdiPY+Emjz9NX2yHvhS11v0SR6xNJkm5GM1MO9ea/1GoDKlHHZGrOJclL/cZ2i/vRUYVtjRhrHVQ==",
      "dev": true,
      "license": "MIT",
      "dependencies": {
        "@eslint-community/regexpp": "^4.10.0",
        "@typescript-eslint/scope-manager": "8.46.1",
        "@typescript-eslint/type-utils": "8.46.1",
        "@typescript-eslint/utils": "8.46.1",
        "@typescript-eslint/visitor-keys": "8.46.1",
        "graphemer": "^1.4.0",
        "ignore": "^7.0.0",
        "natural-compare": "^1.4.0",
        "ts-api-utils": "^2.1.0"
      },
      "engines": {
        "node": "^18.18.0 || ^20.9.0 || >=21.1.0"
      },
      "funding": {
        "type": "opencollective",
        "url": "https://opencollective.com/typescript-eslint"
      },
      "peerDependencies": {
        "@typescript-eslint/parser": "^8.46.1",
        "eslint": "^8.57.0 || ^9.0.0",
        "typescript": ">=4.8.4 <6.0.0"
      }
    },
    "node_modules/@typescript-eslint/eslint-plugin/node_modules/ignore": {
      "version": "7.0.5",
      "resolved": "https://registry.npmjs.org/ignore/-/ignore-7.0.5.tgz",
      "integrity": "sha512-Hs59xBNfUIunMFgWAbGX5cq6893IbWg4KnrjbYwX3tx0ztorVgTDA6B2sxf8ejHJ4wz8BqGUMYlnzNBer5NvGg==",
      "dev": true,
      "license": "MIT",
      "engines": {
        "node": ">= 4"
      }
    },
    "node_modules/@typescript-eslint/parser": {
      "version": "8.46.1",
      "resolved": "https://registry.npmjs.org/@typescript-eslint/parser/-/parser-8.46.1.tgz",
      "integrity": "sha512-6JSSaBZmsKvEkbRUkf7Zj7dru/8ZCrJxAqArcLaVMee5907JdtEbKGsZ7zNiIm/UAkpGUkaSMZEXShnN2D1HZA==",
      "dev": true,
      "license": "MIT",
      "dependencies": {
        "@typescript-eslint/scope-manager": "8.46.1",
        "@typescript-eslint/types": "8.46.1",
        "@typescript-eslint/typescript-estree": "8.46.1",
        "@typescript-eslint/visitor-keys": "8.46.1",
        "debug": "^4.3.4"
      },
      "engines": {
        "node": "^18.18.0 || ^20.9.0 || >=21.1.0"
      },
      "funding": {
        "type": "opencollective",
        "url": "https://opencollective.com/typescript-eslint"
      },
      "peerDependencies": {
        "eslint": "^8.57.0 || ^9.0.0",
        "typescript": ">=4.8.4 <6.0.0"
      }
    },
    "node_modules/@typescript-eslint/project-service": {
      "version": "8.46.1",
      "resolved": "https://registry.npmjs.org/@typescript-eslint/project-service/-/project-service-8.46.1.tgz",
      "integrity": "sha512-FOIaFVMHzRskXr5J4Jp8lFVV0gz5ngv3RHmn+E4HYxSJ3DgDzU7fVI1/M7Ijh1zf6S7HIoaIOtln1H5y8V+9Zg==",
      "dev": true,
      "license": "MIT",
      "dependencies": {
        "@typescript-eslint/tsconfig-utils": "^8.46.1",
        "@typescript-eslint/types": "^8.46.1",
        "debug": "^4.3.4"
      },
      "engines": {
        "node": "^18.18.0 || ^20.9.0 || >=21.1.0"
      },
      "funding": {
        "type": "opencollective",
        "url": "https://opencollective.com/typescript-eslint"
      },
      "peerDependencies": {
        "typescript": ">=4.8.4 <6.0.0"
      }
    },
    "node_modules/@typescript-eslint/scope-manager": {
      "version": "8.46.1",
      "resolved": "https://registry.npmjs.org/@typescript-eslint/scope-manager/-/scope-manager-8.46.1.tgz",
      "integrity": "sha512-weL9Gg3/5F0pVQKiF8eOXFZp8emqWzZsOJuWRUNtHT+UNV2xSJegmpCNQHy37aEQIbToTq7RHKhWvOsmbM680A==",
      "dev": true,
      "license": "MIT",
      "dependencies": {
        "@typescript-eslint/types": "8.46.1",
        "@typescript-eslint/visitor-keys": "8.46.1"
      },
      "engines": {
        "node": "^18.18.0 || ^20.9.0 || >=21.1.0"
      },
      "funding": {
        "type": "opencollective",
        "url": "https://opencollective.com/typescript-eslint"
      }
    },
    "node_modules/@typescript-eslint/tsconfig-utils": {
      "version": "8.46.1",
      "resolved": "https://registry.npmjs.org/@typescript-eslint/tsconfig-utils/-/tsconfig-utils-8.46.1.tgz",
      "integrity": "sha512-X88+J/CwFvlJB+mK09VFqx5FE4H5cXD+H/Bdza2aEWkSb8hnWIQorNcscRl4IEo1Cz9VI/+/r/jnGWkbWPx54g==",
      "dev": true,
      "license": "MIT",
      "engines": {
        "node": "^18.18.0 || ^20.9.0 || >=21.1.0"
      },
      "funding": {
        "type": "opencollective",
        "url": "https://opencollective.com/typescript-eslint"
      },
      "peerDependencies": {
        "typescript": ">=4.8.4 <6.0.0"
      }
    },
    "node_modules/@typescript-eslint/type-utils": {
      "version": "8.46.1",
      "resolved": "https://registry.npmjs.org/@typescript-eslint/type-utils/-/type-utils-8.46.1.tgz",
      "integrity": "sha512-+BlmiHIiqufBxkVnOtFwjah/vrkF4MtKKvpXrKSPLCkCtAp8H01/VV43sfqA98Od7nJpDcFnkwgyfQbOG0AMvw==",
      "dev": true,
      "license": "MIT",
      "dependencies": {
        "@typescript-eslint/types": "8.46.1",
        "@typescript-eslint/typescript-estree": "8.46.1",
        "@typescript-eslint/utils": "8.46.1",
        "debug": "^4.3.4",
        "ts-api-utils": "^2.1.0"
      },
      "engines": {
        "node": "^18.18.0 || ^20.9.0 || >=21.1.0"
      },
      "funding": {
        "type": "opencollective",
        "url": "https://opencollective.com/typescript-eslint"
      },
      "peerDependencies": {
        "eslint": "^8.57.0 || ^9.0.0",
        "typescript": ">=4.8.4 <6.0.0"
      }
    },
    "node_modules/@typescript-eslint/types": {
      "version": "8.46.1",
      "resolved": "https://registry.npmjs.org/@typescript-eslint/types/-/types-8.46.1.tgz",
      "integrity": "sha512-C+soprGBHwWBdkDpbaRC4paGBrkIXxVlNohadL5o0kfhsXqOC6GYH2S/Obmig+I0HTDl8wMaRySwrfrXVP8/pQ==",
      "dev": true,
      "license": "MIT",
      "engines": {
        "node": "^18.18.0 || ^20.9.0 || >=21.1.0"
      },
      "funding": {
        "type": "opencollective",
        "url": "https://opencollective.com/typescript-eslint"
      }
    },
    "node_modules/@typescript-eslint/typescript-estree": {
      "version": "8.46.1",
      "resolved": "https://registry.npmjs.org/@typescript-eslint/typescript-estree/-/typescript-estree-8.46.1.tgz",
      "integrity": "sha512-uIifjT4s8cQKFQ8ZBXXyoUODtRoAd7F7+G8MKmtzj17+1UbdzFl52AzRyZRyKqPHhgzvXunnSckVu36flGy8cg==",
      "dev": true,
      "license": "MIT",
      "dependencies": {
        "@typescript-eslint/project-service": "8.46.1",
        "@typescript-eslint/tsconfig-utils": "8.46.1",
        "@typescript-eslint/types": "8.46.1",
        "@typescript-eslint/visitor-keys": "8.46.1",
        "debug": "^4.3.4",
        "fast-glob": "^3.3.2",
        "is-glob": "^4.0.3",
        "minimatch": "^9.0.4",
        "semver": "^7.6.0",
        "ts-api-utils": "^2.1.0"
      },
      "engines": {
        "node": "^18.18.0 || ^20.9.0 || >=21.1.0"
      },
      "funding": {
        "type": "opencollective",
        "url": "https://opencollective.com/typescript-eslint"
      },
      "peerDependencies": {
        "typescript": ">=4.8.4 <6.0.0"
      }
    },
    "node_modules/@typescript-eslint/typescript-estree/node_modules/brace-expansion": {
      "version": "2.0.2",
      "resolved": "https://registry.npmjs.org/brace-expansion/-/brace-expansion-2.0.2.tgz",
      "integrity": "sha512-Jt0vHyM+jmUBqojB7E1NIYadt0vI0Qxjxd2TErW94wDz+E2LAm5vKMXXwg6ZZBTHPuUlDgQHKXvjGBdfcF1ZDQ==",
      "dev": true,
      "license": "MIT",
      "dependencies": {
        "balanced-match": "^1.0.0"
      }
    },
    "node_modules/@typescript-eslint/typescript-estree/node_modules/minimatch": {
      "version": "9.0.5",
      "resolved": "https://registry.npmjs.org/minimatch/-/minimatch-9.0.5.tgz",
      "integrity": "sha512-G6T0ZX48xgozx7587koeX9Ys2NYy6Gmv//P89sEte9V9whIapMNF4idKxnW2QtCcLiTWlb/wfCabAtAFWhhBow==",
      "dev": true,
      "license": "ISC",
      "dependencies": {
        "brace-expansion": "^2.0.1"
      },
      "engines": {
        "node": ">=16 || 14 >=14.17"
      },
      "funding": {
        "url": "https://github.com/sponsors/isaacs"
      }
    },
    "node_modules/@typescript-eslint/typescript-estree/node_modules/semver": {
      "version": "7.7.3",
      "resolved": "https://registry.npmjs.org/semver/-/semver-7.7.3.tgz",
      "integrity": "sha512-SdsKMrI9TdgjdweUSR9MweHA4EJ8YxHn8DFaDisvhVlUOe4BF1tLD7GAj0lIqWVl+dPb/rExr0Btby5loQm20Q==",
      "dev": true,
      "license": "ISC",
      "bin": {
        "semver": "bin/semver.js"
      },
      "engines": {
        "node": ">=10"
      }
    },
    "node_modules/@typescript-eslint/utils": {
      "version": "8.46.1",
      "resolved": "https://registry.npmjs.org/@typescript-eslint/utils/-/utils-8.46.1.tgz",
      "integrity": "sha512-vkYUy6LdZS7q1v/Gxb2Zs7zziuXN0wxqsetJdeZdRe/f5dwJFglmuvZBfTUivCtjH725C1jWCDfpadadD95EDQ==",
      "dev": true,
      "license": "MIT",
      "dependencies": {
        "@eslint-community/eslint-utils": "^4.7.0",
        "@typescript-eslint/scope-manager": "8.46.1",
        "@typescript-eslint/types": "8.46.1",
        "@typescript-eslint/typescript-estree": "8.46.1"
      },
      "engines": {
        "node": "^18.18.0 || ^20.9.0 || >=21.1.0"
      },
      "funding": {
        "type": "opencollective",
        "url": "https://opencollective.com/typescript-eslint"
      },
      "peerDependencies": {
        "eslint": "^8.57.0 || ^9.0.0",
        "typescript": ">=4.8.4 <6.0.0"
      }
    },
    "node_modules/@typescript-eslint/visitor-keys": {
      "version": "8.46.1",
      "resolved": "https://registry.npmjs.org/@typescript-eslint/visitor-keys/-/visitor-keys-8.46.1.tgz",
      "integrity": "sha512-ptkmIf2iDkNUjdeu2bQqhFPV1m6qTnFFjg7PPDjxKWaMaP0Z6I9l30Jr3g5QqbZGdw8YdYvLp+XnqnWWZOg/NA==",
      "dev": true,
      "license": "MIT",
      "dependencies": {
        "@typescript-eslint/types": "8.46.1",
        "eslint-visitor-keys": "^4.2.1"
      },
      "engines": {
        "node": "^18.18.0 || ^20.9.0 || >=21.1.0"
      },
      "funding": {
        "type": "opencollective",
        "url": "https://opencollective.com/typescript-eslint"
      }
    },
    "node_modules/graphemer": {
      "version": "1.4.0",
      "resolved": "https://registry.npmjs.org/graphemer/-/graphemer-1.4.0.tgz",
      "integrity": "sha512-EtKwoO6kxCL9WO5xipiHTZlSzBm7WLT627TqC/uVRd0HKmq8NXyebnNYxDoBi7wt8eTWrUrKXCOVaFq9x1kgag==",
      "dev": true,
      "license": "MIT"
    },
    "node_modules/prettier": {
      "version": "3.6.2",
      "resolved": "https://registry.npmjs.org/prettier/-/prettier-3.6.2.tgz",
      "integrity": "sha512-I7AIg5boAr5R0FFtJ6rCfD+LFsWHp81dolrFD8S79U9tb8Az2nGrJncnMSnys+bpQJfRUzqs9hnA81OAA3hCuQ==",
      "dev": true,
      "license": "MIT",
      "bin": {
        "prettier": "bin/prettier.cjs"
      },
      "engines": {
        "node": ">=14"
      },
      "funding": {
        "url": "https://github.com/prettier/prettier?sponsor=1"
      }
    },
    "node_modules/ts-api-utils": {
      "version": "2.1.0",
      "resolved": "https://registry.npmjs.org/ts-api-utils/-/ts-api-utils-2.1.0.tgz",
      "integrity": "sha512-CUgTZL1irw8u29bzrOD/nH85jqyc74D6SshFgujOIA7osm2Rz7dYH77agkx7H4FBNxDq7Cjf+IjaX/8zwFW+ZQ==",
      "dev": true,
      "license": "MIT",
      "engines": {
        "node": ">=18.12"
      },
      "peerDependencies": {
        "typescript": ">=4.8.4"
      }
    },
    "node_modules/typescript-eslint": {
      "version": "8.46.1",
      "resolved": "https://registry.npmjs.org/typescript-eslint/-/typescript-eslint-8.46.1.tgz",
      "integrity": "sha512-VHgijW803JafdSsDO8I761r3SHrgk4T00IdyQ+/UsthtgPRsBWQLqoSxOolxTpxRKi1kGXK0bSz4CoAc9ObqJA==",
      "dev": true,
      "license": "MIT",
      "dependencies": {
        "@typescript-eslint/eslint-plugin": "8.46.1",
        "@typescript-eslint/parser": "8.46.1",
        "@typescript-eslint/typescript-estree": "8.46.1",
        "@typescript-eslint/utils": "8.46.1"
      },
      "engines": {
        "node": "^18.18.0 || ^20.9.0 || >=21.1.0"
      },
      "funding": {
        "type": "opencollective",
        "url": "https://opencollective.com/typescript-eslint"
      },
      "peerDependencies": {
        "eslint": "^8.57.0 || ^9.0.0",
        "typescript": ">=4.8.4 <6.0.0"
      }
    },
